PODS:
  - amazon_realtime (0.0.1):
    - AmazonChimeSDK-Bitcode (~> 0.22.7)
    - Flutter
  - AmazonChimeSDK-Bitcode (0.22.7):
    - AmazonChimeSDKMedia-Bitcode (= 0.17.11)
  - AmazonChimeSDKMedia-Bitcode (0.17.11)
  - Flutter (1.0.0)
  - integration_test (0.0.1):
    - Flutter
  - permission_handler_apple (9.1.1):
    - Flutter

DEPENDENCIES:
  - amazon_realtime (from `.symlinks/plugins/amazon_realtime/ios`)
  - Flutter (from `Flutter`)
  - integration_test (from `.symlinks/plugins/integration_test/ios`)
  - permission_handler_apple (from `.symlinks/plugins/permission_handler_apple/ios`)

SPEC REPOS:
  trunk:
    - AmazonChimeSDK-Bitcode
    - AmazonChimeSDKMedia-Bitcode

EXTERNAL SOURCES:
  amazon_realtime:
    :path: ".symlinks/plugins/amazon_realtime/ios"
  Flutter:
    :path: Flutter
  integration_test:
    :path: ".symlinks/plugins/integration_test/ios"
  permission_handler_apple:
    :path: ".symlinks/plugins/permission_handler_apple/ios"

SPEC CHECKSUMS:
  amazon_realtime: ae44ee18ed081d67447eadaaded595d8ff400d0f
  AmazonChimeSDK-Bitcode: 0504362c4260b0229f2fac0cd9edf9b3c6191d22
  AmazonChimeSDKMedia-Bitcode: 8b5a340ecf4d4802a2875b872f0d06e6c6fab8c6
  Flutter: f04841e97a9d0b0a8025694d0796dd46242b2854
  integration_test: 13825b8a9334a850581300559b8839134b124670
  permission_handler_apple: e76247795d700c14ea09e3a2d8855d41ee80a2e6

PODFILE CHECKSUM: 6b9eb94e9f98a329f2ef624b852a6e42d090af2b

COCOAPODS: 1.11.3
